
Microsoft Visual Studio Solution File, Format Version 12.00
# Visual Studio Version 16
VisualStudioVersion = 16.0.31424.327
MinimumVisualStudioVersion = 10.0.40219.1
Project("{9A19103F-16F7-4668-BE54-9A1E7A4F7556}") = "SDPWeb", "SDP\SDPWeb.csproj", "{D0887C37-070C-497F-9667-F3B1ED0075F9}"
EndProject
Project("{9A19103F-16F7-4668-BE54-9A1E7A4F7556}") = "SDPInfrastructure", "SDPInfrastructure\SDPInfrastructure.csproj", "{4BDD124C-126C-4E08-BB65-CD22FB4A4C6D}"
EndProject
Project("{9A19103F-16F7-4668-BE54-9A1E7A4F7556}") = "SDPCore", "SDPCore\SDPCore.csproj", "{B991435D-A81F-4943-8258-231439AA3041}"
EndProject
Project("{2150E333-8FDC-42A3-9474-1A3956D46DE8}") = "Solution Items", "Solution Items", "{FE6D7872-E10C-4C96-BEFB-38DF1EFE26E7}"
EndProject
Global
	GlobalSection(SolutionConfigurationPlatforms) = preSolution
		Debug|Any CPU = Debug|Any CPU
		Release|Any CPU = Release|Any CPU
	EndGlobalSection
	GlobalSection(ProjectConfigurationPlatforms) = postSolution
		{D0887C37-070C-497F-9667-F3B1ED0075F9}.Debug|Any CPU.ActiveCfg = Debug|Any CPU
		{D0887C37-070C-497F-9667-F3B1ED0075F9}.Debug|Any CPU.Build.0 = Debug|Any CPU
		{D0887C37-070C-497F-9667-F3B1ED0075F9}.Release|Any CPU.ActiveCfg = Release|Any CPU
		{D0887C37-070C-497F-9667-F3B1ED0075F9}.Release|Any CPU.Build.0 = Release|Any CPU
		{4BDD124C-126C-4E08-BB65-CD22FB4A4C6D}.Debug|Any CPU.ActiveCfg = Debug|Any CPU
		{4BDD124C-126C-4E08-BB65-CD22FB4A4C6D}.Debug|Any CPU.Build.0 = Debug|Any CPU
		{4BDD124C-126C-4E08-BB65-CD22FB4A4C6D}.Release|Any CPU.ActiveCfg = Release|Any CPU
		{4BDD124C-126C-4E08-BB65-CD22FB4A4C6D}.Release|Any CPU.Build.0 = Release|Any CPU
		{B991435D-A81F-4943-8258-231439AA3041}.Debug|Any CPU.ActiveCfg = Debug|Any CPU
		{B991435D-A81F-4943-8258-231439AA3041}.Debug|Any CPU.Build.0 = Debug|Any CPU
		{B991435D-A81F-4943-8258-231439AA3041}.Release|Any CPU.ActiveCfg = Release|Any CPU
		{B991435D-A81F-4943-8258-231439AA3041}.Release|Any CPU.Build.0 = Release|Any CPU
	EndGlobalSection
	GlobalSection(SolutionProperties) = preSolution
		HideSolutionNode = FALSE
	EndGlobalSection
	GlobalSection(ExtensibilityGlobals) = postSolution
		SolutionGuid = {5052D574-22FF-4EFC-AFFF-8CB26FBDA974}
	EndGlobalSection
EndGlobal
